
Microsoft Visual Studio Solution File, Format Version 12.00
# Visual Studio Version 17
VisualStudioVersion = 17.6.33815.320
MinimumVisualStudioVersion = 10.0.40219.1
Project("{9A19103F-16F7-4668-BE54-9A1E7A4F7556}") = "MobileClient.Logic", "MobileClient.Logic\MobileClient.Logic.csproj", "{D5A2A924-F99F-4E7D-A3A1-9BE597FA3C0E}"
EndProject
Project("{9A19103F-16F7-4668-BE54-9A1E7A4F7556}") = "MobileClient.Contract", "MobileClient.Contract\MobileClient.Contract.csproj", "{63A105A2-5FBC-46CA-B107-645CB9C59C6C}"
EndProject
Project("{9A19103F-16F7-4668-BE54-9A1E7A4F7556}") = "MobileClient.UI", "MobileClient.UI\MobileClient.UI.csproj", "{4E1C2416-6F42-4DD3-96AE-1A6CF2178903}"
EndProject
Global
	GlobalSection(SolutionConfigurationPlatforms) = preSolution
		Debug|Any CPU = Debug|Any CPU
		Release|Any CPU = Release|Any CPU
	EndGlobalSection
	GlobalSection(ProjectConfigurationPlatforms) = postSolution
		{D5A2A924-F99F-4E7D-A3A1-9BE597FA3C0E}.Debug|Any CPU.ActiveCfg = Debug|Any CPU
		{D5A2A924-F99F-4E7D-A3A1-9BE597FA3C0E}.Debug|Any CPU.Build.0 = Debug|Any CPU
		{D5A2A924-F99F-4E7D-A3A1-9BE597FA3C0E}.Release|Any CPU.ActiveCfg = Release|Any CPU
		{D5A2A924-F99F-4E7D-A3A1-9BE597FA3C0E}.Release|Any CPU.Build.0 = Release|Any CPU
		{63A105A2-5FBC-46CA-B107-645CB9C59C6C}.Debug|Any CPU.ActiveCfg = Debug|Any CPU
		{63A105A2-5FBC-46CA-B107-645CB9C59C6C}.Debug|Any CPU.Build.0 = Debug|Any CPU
		{63A105A2-5FBC-46CA-B107-645CB9C59C6C}.Release|Any CPU.ActiveCfg = Release|Any CPU
		{63A105A2-5FBC-46CA-B107-645CB9C59C6C}.Release|Any CPU.Build.0 = Release|Any CPU
		{4E1C2416-6F42-4DD3-96AE-1A6CF2178903}.Debug|Any CPU.ActiveCfg = Debug|Any CPU
		{4E1C2416-6F42-4DD3-96AE-1A6CF2178903}.Debug|Any CPU.Build.0 = Debug|Any CPU
		{4E1C2416-6F42-4DD3-96AE-1A6CF2178903}.Debug|Any CPU.Deploy.0 = Debug|Any CPU
		{4E1C2416-6F42-4DD3-96AE-1A6CF2178903}.Release|Any CPU.ActiveCfg = Release|Any CPU
		{4E1C2416-6F42-4DD3-96AE-1A6CF2178903}.Release|Any CPU.Build.0 = Release|Any CPU
		{4E1C2416-6F42-4DD3-96AE-1A6CF2178903}.Release|Any CPU.Deploy.0 = Release|Any CPU
	EndGlobalSection
	GlobalSection(SolutionProperties) = preSolution
		HideSolutionNode = FALSE
	EndGlobalSection
	GlobalSection(ExtensibilityGlobals) = postSolution
		SolutionGuid = {430B82E9-0797-4E66-830A-61BB70E32E94}
	EndGlobalSection
EndGlobal
